
Microsoft Visual Studio Solution File, Format Version 12.00
Project("{2150E333-8FDC-42A3-9474-1A3956D46DE8}") = "AutoExceptionHandler", "AutoExceptionHandler", "{030D3AFB-65F8-49F9-BD3C-D0AFE51B745D}"
	ProjectSection(SolutionItems) = preProject
		AutoExceptionHandler\icon.png = AutoExceptionHandler\icon.png
		AutoExceptionHandler\README.md = AutoExceptionHandler\README.md
	EndProjectSection
EndProject
Project("{2150E333-8FDC-42A3-9474-1A3956D46DE8}") = "examples", "examples", "{BD0A2E83-13F7-446B-A530-190CCDD25B45}"
EndProject
Project("{2150E333-8FDC-42A3-9474-1A3956D46DE8}") = "src", "src", "{CFB926A7-D465-4774-997A-6047E3785915}"
EndProject
Project("{2150E333-8FDC-42A3-9474-1A3956D46DE8}") = "tests", "tests", "{4F803CCC-1A71-4C34-A9EA-EA4FDBF8BE99}"
EndProject
Project("{FAE04EC0-301F-11D3-BF4B-00C04F79EFBC}") = "AutoExceptionHandler.Sample", "AutoExceptionHandler\examples\AutoExceptionHandler.Sample\AutoExceptionHandler.Sample.csproj", "{5E031908-B4B3-4EBA-B5C4-507A4334DFA8}"
EndProject
Project("{FAE04EC0-301F-11D3-BF4B-00C04F79EFBC}") = "AutoExceptionHandler", "AutoExceptionHandler\src\AutoExceptionHandler\AutoExceptionHandler.csproj", "{C7659CA5-4CA7-410B-9928-2E01DD61D700}"
EndProject
Project("{FAE04EC0-301F-11D3-BF4B-00C04F79EFBC}") = "AutoExceptionHandler.Annotations", "AutoExceptionHandler\src\AutoExceptionHandler.Annotations\AutoExceptionHandler.Annotations.csproj", "{0EC0233C-AA2A-44A2-AF46-38EC99110D11}"
EndProject
Project("{FAE04EC0-301F-11D3-BF4B-00C04F79EFBC}") = "AutoExceptionHandler.Tests", "AutoExceptionHandler\tests\AutoExceptionHandler.Tests\AutoExceptionHandler.Tests.csproj", "{0EF989A9-9BCF-479F-9F61-97BBD4DF5EEA}"
EndProject
Project("{2150E333-8FDC-42A3-9474-1A3956D46DE8}") = "FastInject", "FastInject", "{4E364029-1E8D-4C3C-995C-EBBE7C785593}"
EndProject
Project("{2150E333-8FDC-42A3-9474-1A3956D46DE8}") = "examples", "examples", "{7A3C6402-65AA-4AA1-BFD5-6859A38A48F8}"
EndProject
Project("{2150E333-8FDC-42A3-9474-1A3956D46DE8}") = "src", "src", "{B88CE161-E84C-458A-8506-8E4824A40AE2}"
EndProject
Project("{2150E333-8FDC-42A3-9474-1A3956D46DE8}") = "test", "test", "{29C08276-F023-401C-9FF6-4C04B8DFDD51}"
EndProject
Project("{FAE04EC0-301F-11D3-BF4B-00C04F79EFBC}") = "Retro.FastInject.Sample", "FastInject\examples\Retro.FastInject.Sample\Retro.FastInject.Sample.csproj", "{8E4C595E-E61C-4809-BABD-BDB1694059F1}"
EndProject
Project("{FAE04EC0-301F-11D3-BF4B-00C04F79EFBC}") = "Retro.FastInject.Sample.Cli", "FastInject\examples\Retro.FastInject.Sample.Cli\Retro.FastInject.Sample.Cli.csproj", "{5B6F7BB9-23D7-478E-8DA4-E9A516C885C2}"
EndProject
Project("{FAE04EC0-301F-11D3-BF4B-00C04F79EFBC}") = "Retro.FastInject.Sample.WebApi", "FastInject\examples\Retro.FastInject.Sample.WebApi\Retro.FastInject.Sample.WebApi.csproj", "{36B4F5BE-C96D-41BB-AE96-8BE8CDC6789B}"
EndProject
Project("{FAE04EC0-301F-11D3-BF4B-00C04F79EFBC}") = "Retro.FastInject", "FastInject\src\Retro.FastInject\Retro.FastInject.csproj", "{415DBEFC-2BAE-4DD4-ACB8-E2C06A12202A}"
EndProject
Project("{FAE04EC0-301F-11D3-BF4B-00C04F79EFBC}") = "Retro.FastInject.Annotations", "FastInject\src\Retro.FastInject.Annotations\Retro.FastInject.Annotations.csproj", "{C4EAE41E-2E8F-43DB-B4FC-4AD09FCBDCED}"
EndProject
Project("{FAE04EC0-301F-11D3-BF4B-00C04F79EFBC}") = "Retro.FastInject.Core", "FastInject\src\Retro.FastInject.Core\Retro.FastInject.Core.csproj", "{561ED6AB-A2E9-4163-BA4D-1254BEACACE7}"
EndProject
Project("{FAE04EC0-301F-11D3-BF4B-00C04F79EFBC}") = "Retro.FastInject.Dynamic", "FastInject\src\Retro.FastInject.Dynamic\Retro.FastInject.Dynamic.csproj", "{C3BCF1E2-FF57-46DD-B672-9042FA5ADB7D}"
EndProject
Project("{FAE04EC0-301F-11D3-BF4B-00C04F79EFBC}") = "Retro.FastInject.Core.Tests", "FastInject\test\Retro.FastInject.Core.Tests\Retro.FastInject.Core.Tests.csproj", "{6391FF55-A489-4D6F-A8B7-8309EB5E5166}"
EndProject
Project("{FAE04EC0-301F-11D3-BF4B-00C04F79EFBC}") = "Retro.FastInject.Dynamic.Tests", "FastInject\test\Retro.FastInject.Dynamic.Tests\Retro.FastInject.Dynamic.Tests.csproj", "{F350A80C-D967-459A-AA81-6C0D72019164}"
EndProject
Project("{FAE04EC0-301F-11D3-BF4B-00C04F79EFBC}") = "Retro.FastInject.Tests", "FastInject\test\Retro.FastInject.Tests\Retro.FastInject.Tests.csproj", "{DC20C9DB-2828-46FF-A02A-EC6609D83341}"
EndProject
Project("{2150E333-8FDC-42A3-9474-1A3956D46DE8}") = "ReadOnlyParams", "ReadOnlyParams", "{6BC6D7AD-0451-4324-9F82-D639F1F9F6AB}"
	ProjectSection(SolutionItems) = preProject
		ReadOnlyParams\README.md = ReadOnlyParams\README.md
	EndProjectSection
EndProject
Project("{2150E333-8FDC-42A3-9474-1A3956D46DE8}") = "src", "src", "{4A352B79-A374-4B1D-A17E-91014470211F}"
EndProject
Project("{2150E333-8FDC-42A3-9474-1A3956D46DE8}") = "test", "test", "{5602D1FC-E06C-4FD2-8C7E-52CFCFE1B40E}"
EndProject
Project("{FAE04EC0-301F-11D3-BF4B-00C04F79EFBC}") = "Retro.ReadOnlyParams", "ReadOnlyParams\src\Retro.ReadOnlyParams\Retro.ReadOnlyParams.csproj", "{12E56546-70EB-4540-B9D3-E0C156117993}"
EndProject
Project("{FAE04EC0-301F-11D3-BF4B-00C04F79EFBC}") = "Retro.ReadOnlyParams.Annotations", "ReadOnlyParams\src\Retro.ReadOnlyParams.Annotations\Retro.ReadOnlyParams.Annotations.csproj", "{B2330339-651D-4F0C-99FB-6FB9C3375BFB}"
EndProject
Project("{FAE04EC0-301F-11D3-BF4B-00C04F79EFBC}") = "Retro.ReadOnlyParams.Tests", "ReadOnlyParams\test\Retro.ReadOnlyParams.Tests\Retro.ReadOnlyParams.Tests.csproj", "{F161D5D1-AB45-4C5A-88A7-7776D7D2D2C5}"
EndProject
Project("{2150E333-8FDC-42A3-9474-1A3956D46DE8}") = "SourceGeneratorUtilities", "SourceGeneratorUtilities", "{5C96FEEB-6328-4B2B-98BC-484087AC4E7C}"
	ProjectSection(SolutionItems) = preProject
		SourceGeneratorUtilities\README.md = SourceGeneratorUtilities\README.md
	EndProjectSection
EndProject
Project("{2150E333-8FDC-42A3-9474-1A3956D46DE8}") = "example", "example", "{F479FC9E-D253-4B6E-8993-34CB90174F50}"
EndProject
Project("{2150E333-8FDC-42A3-9474-1A3956D46DE8}") = "src", "src", "{8E8A763A-0AAA-4E92-A4AD-1964B3826C7E}"
EndProject
Project("{2150E333-8FDC-42A3-9474-1A3956D46DE8}") = "test", "test", "{30019A1F-E365-4A4A-BA50-9F9C083806FC}"
EndProject
Project("{FAE04EC0-301F-11D3-BF4B-00C04F79EFBC}") = "Retro.SourceGeneratorUtilities.Generator.Sample", "SourceGeneratorUtilities\example\Retro.SourceGeneratorUtilities.Generator.Sample\Retro.SourceGeneratorUtilities.Generator.Sample.csproj", "{9E3FEA74-0EF8-4F6F-B9F5-DD24E7A81A02}"
EndProject
Project("{FAE04EC0-301F-11D3-BF4B-00C04F79EFBC}") = "Retro.SourceGeneratorUtilities", "SourceGeneratorUtilities\src\Retro.SourceGeneratorUtilities\Retro.SourceGeneratorUtilities.csproj", "{6D580635-3EEC-4EDF-BD04-4998E4CB750A}"
EndProject
Project("{FAE04EC0-301F-11D3-BF4B-00C04F79EFBC}") = "Retro.SourceGeneratorUtilities.Results.Test", "SourceGeneratorUtilities\test\Retro.SourceGeneratorUtilities.Results.Test\Retro.SourceGeneratorUtilities.Results.Test.csproj", "{A550EAAC-1E28-46FD-8796-D37F74E37166}"
EndProject
Project("{FAE04EC0-301F-11D3-BF4B-00C04F79EFBC}") = "Retro.SourceGeneratorUtilities.Test", "SourceGeneratorUtilities\test\Retro.SourceGeneratorUtilities.Test\Retro.SourceGeneratorUtilities.Test.csproj", "{D1843FC3-AC39-4519-98C7-E421BDE93534}"
EndProject
Project("{2150E333-8FDC-42A3-9474-1A3956D46DE8}") = "AutoCommandLine", "AutoCommandLine", "{61CF71F4-8345-409B-AA48-E09BA27E1EC9}"
EndProject
Project("{2150E333-8FDC-42A3-9474-1A3956D46DE8}") = "examples", "examples", "{0BF47074-8008-425E-BC23-D0689ABE2A96}"
EndProject
Project("{2150E333-8FDC-42A3-9474-1A3956D46DE8}") = "src", "src", "{BEA4CE72-0944-44E9-85D6-4ADC1ABDBDA4}"
EndProject
Project("{FAE04EC0-301F-11D3-BF4B-00C04F79EFBC}") = "Retro.AutoCommandLine.Sample", "AutoCommandLine\examples\Retro.AutoCommandLine.Sample\Retro.AutoCommandLine.Sample.csproj", "{60EB861D-9065-422C-B591-2E892BEE60A5}"
EndProject
Project("{FAE04EC0-301F-11D3-BF4B-00C04F79EFBC}") = "Retro.AutoCommandLine.Core", "AutoCommandLine\src\Retro.AutoCommandLine.Core\Retro.AutoCommandLine.Core.csproj", "{77F0EE4A-1688-4E23-93F9-81AD7DC94AC1}"
EndProject
Project("{FAE04EC0-301F-11D3-BF4B-00C04F79EFBC}") = "Retro.AutoCommandLine", "AutoCommandLine\src\Retro.AutoCommandLine\Retro.AutoCommandLine.csproj", "{E9FB923A-7323-4590-9FE5-8D466FC67F7F}"
EndProject
Global
	GlobalSection(SolutionConfigurationPlatforms) = preSolution
		Debug|Any CPU = Debug|Any CPU
		Release|Any CPU = Release|Any CPU
	EndGlobalSection
	GlobalSection(NestedProjects) = preSolution
		{BD0A2E83-13F7-446B-A530-190CCDD25B45} = {030D3AFB-65F8-49F9-BD3C-D0AFE51B745D}
		{CFB926A7-D465-4774-997A-6047E3785915} = {030D3AFB-65F8-49F9-BD3C-D0AFE51B745D}
		{4F803CCC-1A71-4C34-A9EA-EA4FDBF8BE99} = {030D3AFB-65F8-49F9-BD3C-D0AFE51B745D}
		{5E031908-B4B3-4EBA-B5C4-507A4334DFA8} = {BD0A2E83-13F7-446B-A530-190CCDD25B45}
		{C7659CA5-4CA7-410B-9928-2E01DD61D700} = {CFB926A7-D465-4774-997A-6047E3785915}
		{0EC0233C-AA2A-44A2-AF46-38EC99110D11} = {CFB926A7-D465-4774-997A-6047E3785915}
		{0EF989A9-9BCF-479F-9F61-97BBD4DF5EEA} = {4F803CCC-1A71-4C34-A9EA-EA4FDBF8BE99}
		{7A3C6402-65AA-4AA1-BFD5-6859A38A48F8} = {4E364029-1E8D-4C3C-995C-EBBE7C785593}
		{B88CE161-E84C-458A-8506-8E4824A40AE2} = {4E364029-1E8D-4C3C-995C-EBBE7C785593}
		{29C08276-F023-401C-9FF6-4C04B8DFDD51} = {4E364029-1E8D-4C3C-995C-EBBE7C785593}
		{8E4C595E-E61C-4809-BABD-BDB1694059F1} = {7A3C6402-65AA-4AA1-BFD5-6859A38A48F8}
		{5B6F7BB9-23D7-478E-8DA4-E9A516C885C2} = {7A3C6402-65AA-4AA1-BFD5-6859A38A48F8}
		{36B4F5BE-C96D-41BB-AE96-8BE8CDC6789B} = {7A3C6402-65AA-4AA1-BFD5-6859A38A48F8}
		{415DBEFC-2BAE-4DD4-ACB8-E2C06A12202A} = {B88CE161-E84C-458A-8506-8E4824A40AE2}
		{C4EAE41E-2E8F-43DB-B4FC-4AD09FCBDCED} = {B88CE161-E84C-458A-8506-8E4824A40AE2}
		{561ED6AB-A2E9-4163-BA4D-1254BEACACE7} = {B88CE161-E84C-458A-8506-8E4824A40AE2}
		{C3BCF1E2-FF57-46DD-B672-9042FA5ADB7D} = {B88CE161-E84C-458A-8506-8E4824A40AE2}
		{6391FF55-A489-4D6F-A8B7-8309EB5E5166} = {29C08276-F023-401C-9FF6-4C04B8DFDD51}
		{F350A80C-D967-459A-AA81-6C0D72019164} = {29C08276-F023-401C-9FF6-4C04B8DFDD51}
		{DC20C9DB-2828-46FF-A02A-EC6609D83341} = {29C08276-F023-401C-9FF6-4C04B8DFDD51}
		{4A352B79-A374-4B1D-A17E-91014470211F} = {6BC6D7AD-0451-4324-9F82-D639F1F9F6AB}
		{5602D1FC-E06C-4FD2-8C7E-52CFCFE1B40E} = {6BC6D7AD-0451-4324-9F82-D639F1F9F6AB}
		{12E56546-70EB-4540-B9D3-E0C156117993} = {4A352B79-A374-4B1D-A17E-91014470211F}
		{B2330339-651D-4F0C-99FB-6FB9C3375BFB} = {4A352B79-A374-4B1D-A17E-91014470211F}
		{F161D5D1-AB45-4C5A-88A7-7776D7D2D2C5} = {5602D1FC-E06C-4FD2-8C7E-52CFCFE1B40E}
		{F479FC9E-D253-4B6E-8993-34CB90174F50} = {5C96FEEB-6328-4B2B-98BC-484087AC4E7C}
		{8E8A763A-0AAA-4E92-A4AD-1964B3826C7E} = {5C96FEEB-6328-4B2B-98BC-484087AC4E7C}
		{30019A1F-E365-4A4A-BA50-9F9C083806FC} = {5C96FEEB-6328-4B2B-98BC-484087AC4E7C}
		{9E3FEA74-0EF8-4F6F-B9F5-DD24E7A81A02} = {F479FC9E-D253-4B6E-8993-34CB90174F50}
		{6D580635-3EEC-4EDF-BD04-4998E4CB750A} = {8E8A763A-0AAA-4E92-A4AD-1964B3826C7E}
		{A550EAAC-1E28-46FD-8796-D37F74E37166} = {30019A1F-E365-4A4A-BA50-9F9C083806FC}
		{D1843FC3-AC39-4519-98C7-E421BDE93534} = {30019A1F-E365-4A4A-BA50-9F9C083806FC}
		{0BF47074-8008-425E-BC23-D0689ABE2A96} = {61CF71F4-8345-409B-AA48-E09BA27E1EC9}
		{BEA4CE72-0944-44E9-85D6-4ADC1ABDBDA4} = {61CF71F4-8345-409B-AA48-E09BA27E1EC9}
		{60EB861D-9065-422C-B591-2E892BEE60A5} = {0BF47074-8008-425E-BC23-D0689ABE2A96}
		{77F0EE4A-1688-4E23-93F9-81AD7DC94AC1} = {BEA4CE72-0944-44E9-85D6-4ADC1ABDBDA4}
		{E9FB923A-7323-4590-9FE5-8D466FC67F7F} = {BEA4CE72-0944-44E9-85D6-4ADC1ABDBDA4}
	EndGlobalSection
	GlobalSection(ProjectConfigurationPlatforms) = postSolution
		{5E031908-B4B3-4EBA-B5C4-507A4334DFA8}.Debug|Any CPU.ActiveCfg = Debug|Any CPU
		{5E031908-B4B3-4EBA-B5C4-507A4334DFA8}.Debug|Any CPU.Build.0 = Debug|Any CPU
		{5E031908-B4B3-4EBA-B5C4-507A4334DFA8}.Release|Any CPU.ActiveCfg = Release|Any CPU
		{5E031908-B4B3-4EBA-B5C4-507A4334DFA8}.Release|Any CPU.Build.0 = Release|Any CPU
		{C7659CA5-4CA7-410B-9928-2E01DD61D700}.Debug|Any CPU.ActiveCfg = Debug|Any CPU
		{C7659CA5-4CA7-410B-9928-2E01DD61D700}.Debug|Any CPU.Build.0 = Debug|Any CPU
		{C7659CA5-4CA7-410B-9928-2E01DD61D700}.Release|Any CPU.ActiveCfg = Release|Any CPU
		{C7659CA5-4CA7-410B-9928-2E01DD61D700}.Release|Any CPU.Build.0 = Release|Any CPU
		{0EC0233C-AA2A-44A2-AF46-38EC99110D11}.Debug|Any CPU.ActiveCfg = Debug|Any CPU
		{0EC0233C-AA2A-44A2-AF46-38EC99110D11}.Debug|Any CPU.Build.0 = Debug|Any CPU
		{0EC0233C-AA2A-44A2-AF46-38EC99110D11}.Release|Any CPU.ActiveCfg = Release|Any CPU
		{0EC0233C-AA2A-44A2-AF46-38EC99110D11}.Release|Any CPU.Build.0 = Release|Any CPU
		{0EF989A9-9BCF-479F-9F61-97BBD4DF5EEA}.Debug|Any CPU.ActiveCfg = Debug|Any CPU
		{0EF989A9-9BCF-479F-9F61-97BBD4DF5EEA}.Debug|Any CPU.Build.0 = Debug|Any CPU
		{0EF989A9-9BCF-479F-9F61-97BBD4DF5EEA}.Release|Any CPU.ActiveCfg = Release|Any CPU
		{0EF989A9-9BCF-479F-9F61-97BBD4DF5EEA}.Release|Any CPU.Build.0 = Release|Any CPU
		{8E4C595E-E61C-4809-BABD-BDB1694059F1}.Debug|Any CPU.ActiveCfg = Debug|Any CPU
		{8E4C595E-E61C-4809-BABD-BDB1694059F1}.Debug|Any CPU.Build.0 = Debug|Any CPU
		{8E4C595E-E61C-4809-BABD-BDB1694059F1}.Release|Any CPU.ActiveCfg = Release|Any CPU
		{8E4C595E-E61C-4809-BABD-BDB1694059F1}.Release|Any CPU.Build.0 = Release|Any CPU
		{5B6F7BB9-23D7-478E-8DA4-E9A516C885C2}.Debug|Any CPU.ActiveCfg = Debug|Any CPU
		{5B6F7BB9-23D7-478E-8DA4-E9A516C885C2}.Debug|Any CPU.Build.0 = Debug|Any CPU
		{5B6F7BB9-23D7-478E-8DA4-E9A516C885C2}.Release|Any CPU.ActiveCfg = Release|Any CPU
		{5B6F7BB9-23D7-478E-8DA4-E9A516C885C2}.Release|Any CPU.Build.0 = Release|Any CPU
		{36B4F5BE-C96D-41BB-AE96-8BE8CDC6789B}.Debug|Any CPU.ActiveCfg = Debug|Any CPU
		{36B4F5BE-C96D-41BB-AE96-8BE8CDC6789B}.Debug|Any CPU.Build.0 = Debug|Any CPU
		{36B4F5BE-C96D-41BB-AE96-8BE8CDC6789B}.Release|Any CPU.ActiveCfg = Release|Any CPU
		{36B4F5BE-C96D-41BB-AE96-8BE8CDC6789B}.Release|Any CPU.Build.0 = Release|Any CPU
		{415DBEFC-2BAE-4DD4-ACB8-E2C06A12202A}.Debug|Any CPU.ActiveCfg = Debug|Any CPU
		{415DBEFC-2BAE-4DD4-ACB8-E2C06A12202A}.Debug|Any CPU.Build.0 = Debug|Any CPU
		{415DBEFC-2BAE-4DD4-ACB8-E2C06A12202A}.Release|Any CPU.ActiveCfg = Release|Any CPU
		{415DBEFC-2BAE-4DD4-ACB8-E2C06A12202A}.Release|Any CPU.Build.0 = Release|Any CPU
		{C4EAE41E-2E8F-43DB-B4FC-4AD09FCBDCED}.Debug|Any CPU.ActiveCfg = Debug|Any CPU
		{C4EAE41E-2E8F-43DB-B4FC-4AD09FCBDCED}.Debug|Any CPU.Build.0 = Debug|Any CPU
		{C4EAE41E-2E8F-43DB-B4FC-4AD09FCBDCED}.Release|Any CPU.ActiveCfg = Release|Any CPU
		{C4EAE41E-2E8F-43DB-B4FC-4AD09FCBDCED}.Release|Any CPU.Build.0 = Release|Any CPU
		{561ED6AB-A2E9-4163-BA4D-1254BEACACE7}.Debug|Any CPU.ActiveCfg = Debug|Any CPU
		{561ED6AB-A2E9-4163-BA4D-1254BEACACE7}.Debug|Any CPU.Build.0 = Debug|Any CPU
		{561ED6AB-A2E9-4163-BA4D-1254BEACACE7}.Release|Any CPU.ActiveCfg = Release|Any CPU
		{561ED6AB-A2E9-4163-BA4D-1254BEACACE7}.Release|Any CPU.Build.0 = Release|Any CPU
		{C3BCF1E2-FF57-46DD-B672-9042FA5ADB7D}.Debug|Any CPU.ActiveCfg = Debug|Any CPU
		{C3BCF1E2-FF57-46DD-B672-9042FA5ADB7D}.Debug|Any CPU.Build.0 = Debug|Any CPU
		{C3BCF1E2-FF57-46DD-B672-9042FA5ADB7D}.Release|Any CPU.ActiveCfg = Release|Any CPU
		{C3BCF1E2-FF57-46DD-B672-9042FA5ADB7D}.Release|Any CPU.Build.0 = Release|Any CPU
		{6391FF55-A489-4D6F-A8B7-8309EB5E5166}.Debug|Any CPU.ActiveCfg = Debug|Any CPU
		{6391FF55-A489-4D6F-A8B7-8309EB5E5166}.Debug|Any CPU.Build.0 = Debug|Any CPU
		{6391FF55-A489-4D6F-A8B7-8309EB5E5166}.Release|Any CPU.ActiveCfg = Release|Any CPU
		{6391FF55-A489-4D6F-A8B7-8309EB5E5166}.Release|Any CPU.Build.0 = Release|Any CPU
		{F350A80C-D967-459A-AA81-6C0D72019164}.Debug|Any CPU.ActiveCfg = Debug|Any CPU
		{F350A80C-D967-459A-AA81-6C0D72019164}.Debug|Any CPU.Build.0 = Debug|Any CPU
		{F350A80C-D967-459A-AA81-6C0D72019164}.Release|Any CPU.ActiveCfg = Release|Any CPU
		{F350A80C-D967-459A-AA81-6C0D72019164}.Release|Any CPU.Build.0 = Release|Any CPU
		{DC20C9DB-2828-46FF-A02A-EC6609D83341}.Debug|Any CPU.ActiveCfg = Debug|Any CPU
		{DC20C9DB-2828-46FF-A02A-EC6609D83341}.Debug|Any CPU.Build.0 = Debug|Any CPU
		{DC20C9DB-2828-46FF-A02A-EC6609D83341}.Release|Any CPU.ActiveCfg = Release|Any CPU
		{DC20C9DB-2828-46FF-A02A-EC6609D83341}.Release|Any CPU.Build.0 = Release|Any CPU
		{12E56546-70EB-4540-B9D3-E0C156117993}.Debug|Any CPU.ActiveCfg = Debug|Any CPU
		{12E56546-70EB-4540-B9D3-E0C156117993}.Debug|Any CPU.Build.0 = Debug|Any CPU
		{12E56546-70EB-4540-B9D3-E0C156117993}.Release|Any CPU.ActiveCfg = Release|Any CPU
		{12E56546-70EB-4540-B9D3-E0C156117993}.Release|Any CPU.Build.0 = Release|Any CPU
		{B2330339-651D-4F0C-99FB-6FB9C3375BFB}.Debug|Any CPU.ActiveCfg = Debug|Any CPU
		{B2330339-651D-4F0C-99FB-6FB9C3375BFB}.Debug|Any CPU.Build.0 = Debug|Any CPU
		{B2330339-651D-4F0C-99FB-6FB9C3375BFB}.Release|Any CPU.ActiveCfg = Release|Any CPU
		{B2330339-651D-4F0C-99FB-6FB9C3375BFB}.Release|Any CPU.Build.0 = Release|Any CPU
		{F161D5D1-AB45-4C5A-88A7-7776D7D2D2C5}.Debug|Any CPU.ActiveCfg = Debug|Any CPU
		{F161D5D1-AB45-4C5A-88A7-7776D7D2D2C5}.Debug|Any CPU.Build.0 = Debug|Any CPU
		{F161D5D1-AB45-4C5A-88A7-7776D7D2D2C5}.Release|Any CPU.ActiveCfg = Release|Any CPU
		{F161D5D1-AB45-4C5A-88A7-7776D7D2D2C5}.Release|Any CPU.Build.0 = Release|Any CPU
		{9E3FEA74-0EF8-4F6F-B9F5-DD24E7A81A02}.Debug|Any CPU.ActiveCfg = Debug|Any CPU
		{9E3FEA74-0EF8-4F6F-B9F5-DD24E7A81A02}.Debug|Any CPU.Build.0 = Debug|Any CPU
		{9E3FEA74-0EF8-4F6F-B9F5-DD24E7A81A02}.Release|Any CPU.ActiveCfg = Release|Any CPU
		{9E3FEA74-0EF8-4F6F-B9F5-DD24E7A81A02}.Release|Any CPU.Build.0 = Release|Any CPU
		{6D580635-3EEC-4EDF-BD04-4998E4CB750A}.Debug|Any CPU.ActiveCfg = Debug|Any CPU
		{6D580635-3EEC-4EDF-BD04-4998E4CB750A}.Debug|Any CPU.Build.0 = Debug|Any CPU
		{6D580635-3EEC-4EDF-BD04-4998E4CB750A}.Release|Any CPU.ActiveCfg = Release|Any CPU
		{6D580635-3EEC-4EDF-BD04-4998E4CB750A}.Release|Any CPU.Build.0 = Release|Any CPU
		{A550EAAC-1E28-46FD-8796-D37F74E37166}.Debug|Any CPU.ActiveCfg = Debug|Any CPU
		{A550EAAC-1E28-46FD-8796-D37F74E37166}.Debug|Any CPU.Build.0 = Debug|Any CPU
		{A550EAAC-1E28-46FD-8796-D37F74E37166}.Release|Any CPU.ActiveCfg = Release|Any CPU
		{A550EAAC-1E28-46FD-8796-D37F74E37166}.Release|Any CPU.Build.0 = Release|Any CPU
		{D1843FC3-AC39-4519-98C7-E421BDE93534}.Debug|Any CPU.ActiveCfg = Debug|Any CPU
		{D1843FC3-AC39-4519-98C7-E421BDE93534}.Debug|Any CPU.Build.0 = Debug|Any CPU
		{D1843FC3-AC39-4519-98C7-E421BDE93534}.Release|Any CPU.ActiveCfg = Release|Any CPU
		{D1843FC3-AC39-4519-98C7-E421BDE93534}.Release|Any CPU.Build.0 = Release|Any CPU
		{60EB861D-9065-422C-B591-2E892BEE60A5}.Debug|Any CPU.ActiveCfg = Debug|Any CPU
		{60EB861D-9065-422C-B591-2E892BEE60A5}.Debug|Any CPU.Build.0 = Debug|Any CPU
		{60EB861D-9065-422C-B591-2E892BEE60A5}.Release|Any CPU.ActiveCfg = Release|Any CPU
		{60EB861D-9065-422C-B591-2E892BEE60A5}.Release|Any CPU.Build.0 = Release|Any CPU
		{77F0EE4A-1688-4E23-93F9-81AD7DC94AC1}.Debug|Any CPU.ActiveCfg = Debug|Any CPU
		{77F0EE4A-1688-4E23-93F9-81AD7DC94AC1}.Debug|Any CPU.Build.0 = Debug|Any CPU
		{77F0EE4A-1688-4E23-93F9-81AD7DC94AC1}.Release|Any CPU.ActiveCfg = Release|Any CPU
		{77F0EE4A-1688-4E23-93F9-81AD7DC94AC1}.Release|Any CPU.Build.0 = Release|Any CPU
		{E9FB923A-7323-4590-9FE5-8D466FC67F7F}.Debug|Any CPU.ActiveCfg = Debug|Any CPU
		{E9FB923A-7323-4590-9FE5-8D466FC67F7F}.Debug|Any CPU.Build.0 = Debug|Any CPU
		{E9FB923A-7323-4590-9FE5-8D466FC67F7F}.Release|Any CPU.ActiveCfg = Release|Any CPU
		{E9FB923A-7323-4590-9FE5-8D466FC67F7F}.Release|Any CPU.Build.0 = Release|Any CPU
	EndGlobalSection
EndGlobal
